PODS:
  - Alamofire (4.9.1)
  - AlamofireObjectMapper (5.1.0):
    - Alamofire (~> 4.1)
    - ObjectMapper (~> 3.3)
  - GoogleMaps (3.10.0):
    - GoogleMaps/Maps (= 3.10.0)
  - GoogleMaps/Base (3.10.0)
  - GoogleMaps/Maps (3.10.0):
    - GoogleMaps/Base
  - ObjectMapper (3.5.3)

DEPENDENCIES:
  - Alamofire (~> 4.5)
  - AlamofireObjectMapper (~> 5.1.0)
  - GoogleMaps

SPEC REPOS:
  trunk:
    - Alamofire
    - AlamofireObjectMapper
    - GoogleMaps
    - ObjectMapper

SPEC CHECKSUMS:
  Alamofire: 85e8a02c69d6020a0d734f6054870d7ecb75cf18
  AlamofireObjectMapper: 3395e698901d8b0e6f48b7d0c43bd47875325102
  GoogleMaps: 8c080862ff2748ece9929471b30feb56a6c5079d
  ObjectMapper: 97111c97e054a6ee25917662106689f0b4127b37

PODFILE CHECKSUM: dc7e8d2a9bde4c2386746c7da01f41fe187bdd5b

COCOAPODS: 1.9.3
